
Microsoft Visual Studio Solution File, Format Version 12.00
# Visual Studio Version 16
VisualStudioVersion = 16.0.30204.135
MinimumVisualStudioVersion = 10.0.40219.1
Project("{FAE04EC0-301F-11D3-BF4B-00C04F79EFBC}") = "MyClientApp.Android", "MyClientApp\MyClientApp.Android\MyClientApp.Android.csproj", "{60F0462E-CD2D-49BC-AA3E-E0ED9700CCFE}"
EndProject
Project("{FAE04EC0-301F-11D3-BF4B-00C04F79EFBC}") = "MyClientApp.iOS", "MyClientApp\MyClientApp.iOS\MyClientApp.iOS.csproj", "{B55E8D9F-9266-44EE-B039-44AC2148DB1B}"
EndProject
Project("{FAE04EC0-301F-11D3-BF4B-00C04F79EFBC}") = "MyClientApp", "MyClientApp\MyClientApp\MyClientApp.csproj", "{7C5ADD8A-F6CB-4C08-99DD-1B84AA8974E0}"
EndProject
Global
	GlobalSection(SolutionConfigurationPlatforms) = preSolution
		Debug|Any CPU = Debug|Any CPU
		Debug|iPhone = Debug|iPhone
		Debug|iPhoneSimulator = Debug|iPhoneSimulator
		Release|Any CPU = Release|Any CPU
		Release|iPhone = Release|iPhone
		Release|iPhoneSimulator = Release|iPhoneSimulator
	EndGlobalSection
	GlobalSection(ProjectConfigurationPlatforms) = postSolution
		{60F0462E-CD2D-49BC-AA3E-E0ED9700CCFE}.Debug|Any CPU.ActiveCfg = Debug|Any CPU
		{60F0462E-CD2D-49BC-AA3E-E0ED9700CCFE}.Debug|Any CPU.Build.0 = Debug|Any CPU
		{60F0462E-CD2D-49BC-AA3E-E0ED9700CCFE}.Debug|Any CPU.Deploy.0 = Debug|Any CPU
		{60F0462E-CD2D-49BC-AA3E-E0ED9700CCFE}.Debug|iPhone.ActiveCfg = Debug|Any CPU
		{60F0462E-CD2D-49BC-AA3E-E0ED9700CCFE}.Debug|iPhone.Build.0 = Debug|Any CPU
		{60F0462E-CD2D-49BC-AA3E-E0ED9700CCFE}.Debug|iPhone.Deploy.0 = Debug|Any CPU
		{60F0462E-CD2D-49BC-AA3E-E0ED9700CCFE}.Debug|iPhoneSimulator.ActiveCfg = Debug|Any CPU
		{60F0462E-CD2D-49BC-AA3E-E0ED9700CCFE}.Debug|iPhoneSimulator.Build.0 = Debug|Any CPU
		{60F0462E-CD2D-49BC-AA3E-E0ED9700CCFE}.Debug|iPhoneSimulator.Deploy.0 = Debug|Any CPU
		{60F0462E-CD2D-49BC-AA3E-E0ED9700CCFE}.Release|Any CPU.ActiveCfg = Release|Any CPU
		{60F0462E-CD2D-49BC-AA3E-E0ED9700CCFE}.Release|Any CPU.Build.0 = Release|Any CPU
		{60F0462E-CD2D-49BC-AA3E-E0ED9700CCFE}.Release|Any CPU.Deploy.0 = Release|Any CPU
		{60F0462E-CD2D-49BC-AA3E-E0ED9700CCFE}.Release|iPhone.ActiveCfg = Release|Any CPU
		{60F0462E-CD2D-49BC-AA3E-E0ED9700CCFE}.Release|iPhone.Build.0 = Release|Any CPU
		{60F0462E-CD2D-49BC-AA3E-E0ED9700CCFE}.Release|iPhone.Deploy.0 = Release|Any CPU
		{60F0462E-CD2D-49BC-AA3E-E0ED9700CCFE}.Release|iPhoneSimulator.ActiveCfg = Release|Any CPU
		{60F0462E-CD2D-49BC-AA3E-E0ED9700CCFE}.Release|iPhoneSimulator.Build.0 = Release|Any CPU
		{60F0462E-CD2D-49BC-AA3E-E0ED9700CCFE}.Release|iPhoneSimulator.Deploy.0 = Release|Any CPU
		{B55E8D9F-9266-44EE-B039-44AC2148DB1B}.Debug|Any CPU.ActiveCfg = Debug|iPhone
		{B55E8D9F-9266-44EE-B039-44AC2148DB1B}.Debug|Any CPU.Build.0 = Debug|iPhone
		{B55E8D9F-9266-44EE-B039-44AC2148DB1B}.Debug|Any CPU.Deploy.0 = Debug|iPhone
		{B55E8D9F-9266-44EE-B039-44AC2148DB1B}.Debug|iPhone.ActiveCfg = Debug|iPhone
		{B55E8D9F-9266-44EE-B039-44AC2148DB1B}.Debug|iPhone.Build.0 = Debug|iPhone
		{B55E8D9F-9266-44EE-B039-44AC2148DB1B}.Debug|iPhone.Deploy.0 = Debug|iPhone
		{B55E8D9F-9266-44EE-B039-44AC2148DB1B}.Debug|iPhoneSimulator.ActiveCfg = Debug|iPhoneSimulator
		{B55E8D9F-9266-44EE-B039-44AC2148DB1B}.Debug|iPhoneSimulator.Build.0 = Debug|iPhoneSimulator
		{B55E8D9F-9266-44EE-B039-44AC2148DB1B}.Debug|iPhoneSimulator.Deploy.0 = Debug|iPhoneSimulator
		{B55E8D9F-9266-44EE-B039-44AC2148DB1B}.Release|Any CPU.ActiveCfg = Release|iPhone
		{B55E8D9F-9266-44EE-B039-44AC2148DB1B}.Release|Any CPU.Build.0 = Release|iPhone
		{B55E8D9F-9266-44EE-B039-44AC2148DB1B}.Release|Any CPU.Deploy.0 = Release|iPhone
		{B55E8D9F-9266-44EE-B039-44AC2148DB1B}.Release|iPhone.ActiveCfg = Release|iPhone
		{B55E8D9F-9266-44EE-B039-44AC2148DB1B}.Release|iPhone.Build.0 = Release|iPhone
		{B55E8D9F-9266-44EE-B039-44AC2148DB1B}.Release|iPhone.Deploy.0 = Release|iPhone
		{B55E8D9F-9266-44EE-B039-44AC2148DB1B}.Release|iPhoneSimulator.ActiveCfg = Release|iPhoneSimulator
		{B55E8D9F-9266-44EE-B039-44AC2148DB1B}.Release|iPhoneSimulator.Build.0 = Release|iPhoneSimulator
		{B55E8D9F-9266-44EE-B039-44AC2148DB1B}.Release|iPhoneSimulator.Deploy.0 = Release|iPhoneSimulator
		{7C5ADD8A-F6CB-4C08-99DD-1B84AA8974E0}.Debug|Any CPU.ActiveCfg = Debug|Any CPU
		{7C5ADD8A-F6CB-4C08-99DD-1B84AA8974E0}.Debug|Any CPU.Build.0 = Debug|Any CPU
		{7C5ADD8A-F6CB-4C08-99DD-1B84AA8974E0}.Debug|Any CPU.Deploy.0 = Debug|Any CPU
		{7C5ADD8A-F6CB-4C08-99DD-1B84AA8974E0}.Debug|iPhone.ActiveCfg = Debug|Any CPU
		{7C5ADD8A-F6CB-4C08-99DD-1B84AA8974E0}.Debug|iPhone.Build.0 = Debug|Any CPU
		{7C5ADD8A-F6CB-4C08-99DD-1B84AA8974E0}.Debug|iPhone.Deploy.0 = Debug|Any CPU
		{7C5ADD8A-F6CB-4C08-99DD-1B84AA8974E0}.Debug|iPhoneSimulator.ActiveCfg = Debug|Any CPU
		{7C5ADD8A-F6CB-4C08-99DD-1B84AA8974E0}.Debug|iPhoneSimulator.Build.0 = Debug|Any CPU
		{7C5ADD8A-F6CB-4C08-99DD-1B84AA8974E0}.Debug|iPhoneSimulator.Deploy.0 = Debug|Any CPU
		{7C5ADD8A-F6CB-4C08-99DD-1B84AA8974E0}.Release|Any CPU.ActiveCfg = Release|Any CPU
		{7C5ADD8A-F6CB-4C08-99DD-1B84AA8974E0}.Release|Any CPU.Build.0 = Release|Any CPU
		{7C5ADD8A-F6CB-4C08-99DD-1B84AA8974E0}.Release|Any CPU.Deploy.0 = Release|Any CPU
		{7C5ADD8A-F6CB-4C08-99DD-1B84AA8974E0}.Release|iPhone.ActiveCfg = Release|Any CPU
		{7C5ADD8A-F6CB-4C08-99DD-1B84AA8974E0}.Release|iPhone.Build.0 = Release|Any CPU
		{7C5ADD8A-F6CB-4C08-99DD-1B84AA8974E0}.Release|iPhone.Deploy.0 = Release|Any CPU
		{7C5ADD8A-F6CB-4C08-99DD-1B84AA8974E0}.Release|iPhoneSimulator.ActiveCfg = Release|Any CPU
		{7C5ADD8A-F6CB-4C08-99DD-1B84AA8974E0}.Release|iPhoneSimulator.Build.0 = Release|Any CPU
		{7C5ADD8A-F6CB-4C08-99DD-1B84AA8974E0}.Release|iPhoneSimulator.Deploy.0 = Release|Any CPU
	EndGlobalSection
	GlobalSection(SolutionProperties) = preSolution
		HideSolutionNode = FALSE
	EndGlobalSection
	GlobalSection(ExtensibilityGlobals) = postSolution
		SolutionGuid = {299B4209-2B2C-46EB-A2B9-DBDCD1DF62D2}
	EndGlobalSection
EndGlobal
